
Microsoft Visual Studio Solution File, Format Version 12.00
# Visual Studio 14
VisualStudioVersion = 14.0.24720.0
MinimumVisualStudioVersion = 10.0.40219.1
Project("{FAE04EC0-301F-11D3-BF4B-00C04F79EFBC}") = "ControlWorks.Services.Faspac", "ControlWorks.Services.Faspac\ControlWorks.Services.Faspac.csproj", "{3CB7DE6B-7907-4A2C-AE4B-27EFD3389B05}"
EndProject
Project("{FAE04EC0-301F-11D3-BF4B-00C04F79EFBC}") = "ControlWorks.Service.Rest", "ControlWorks.Service.Rest\ControlWorks.Service.Rest.csproj", "{D312A083-AAEA-41F7-BC3E-C8B25C788480}"
EndProject
Project("{2150E333-8FDC-42A3-9474-1A3956D46DE8}") = "lib", "lib", "{4D21FF9E-4301-42BB-B836-9D010D064035}"
	ProjectSection(SolutionItems) = preProject
		lib\BR.AN.PviServices.dll = lib\BR.AN.PviServices.dll
	EndProjectSection
EndProject
Project("{FAE04EC0-301F-11D3-BF4B-00C04F79EFBC}") = "ControlWorks.Services.Configuration", "ControlWorks.Services.Configuration\ControlWorks.Services.Configuration.csproj", "{3E96958C-602B-4B53-BE2F-686DA81F852E}"
EndProject
Global
	GlobalSection(SolutionConfigurationPlatforms) = preSolution
		Debug|Any CPU = Debug|Any CPU
		Release|Any CPU = Release|Any CPU
	EndGlobalSection
	GlobalSection(ProjectConfigurationPlatforms) = postSolution
		{3CB7DE6B-7907-4A2C-AE4B-27EFD3389B05}.Debug|Any CPU.ActiveCfg = Debug|Any CPU
		{3CB7DE6B-7907-4A2C-AE4B-27EFD3389B05}.Debug|Any CPU.Build.0 = Debug|Any CPU
		{3CB7DE6B-7907-4A2C-AE4B-27EFD3389B05}.Release|Any CPU.ActiveCfg = Release|Any CPU
		{3CB7DE6B-7907-4A2C-AE4B-27EFD3389B05}.Release|Any CPU.Build.0 = Release|Any CPU
		{D312A083-AAEA-41F7-BC3E-C8B25C788480}.Debug|Any CPU.ActiveCfg = Debug|Any CPU
		{D312A083-AAEA-41F7-BC3E-C8B25C788480}.Debug|Any CPU.Build.0 = Debug|Any CPU
		{D312A083-AAEA-41F7-BC3E-C8B25C788480}.Release|Any CPU.ActiveCfg = Release|Any CPU
		{D312A083-AAEA-41F7-BC3E-C8B25C788480}.Release|Any CPU.Build.0 = Release|Any CPU
		{3E96958C-602B-4B53-BE2F-686DA81F852E}.Debug|Any CPU.ActiveCfg = Debug|Any CPU
		{3E96958C-602B-4B53-BE2F-686DA81F852E}.Debug|Any CPU.Build.0 = Debug|Any CPU
		{3E96958C-602B-4B53-BE2F-686DA81F852E}.Release|Any CPU.ActiveCfg = Release|Any CPU
		{3E96958C-602B-4B53-BE2F-686DA81F852E}.Release|Any CPU.Build.0 = Release|Any CPU
	EndGlobalSection
	GlobalSection(SolutionProperties) = preSolution
		HideSolutionNode = FALSE
	EndGlobalSection
EndGlobal
