
Microsoft Visual Studio Solution File, Format Version 12.00
# Visual Studio 14
VisualStudioVersion = 14.0.24720.0
MinimumVisualStudioVersion = 10.0.40219.1
Project("{FAE04EC0-301F-11D3-BF4B-00C04F79EFBC}") = "ControlWorks.Services.Faspac", "ControlWorks.Services.Faspac\ControlWorks.Services.Faspac.csproj", "{3CB7DE6B-7907-4A2C-AE4B-27EFD3389B05}"
EndProject
Project("{FAE04EC0-301F-11D3-BF4B-00C04F79EFBC}") = "ControlWorks.Service.Rest", "ControlWorks.Service.Rest\ControlWorks.Service.Rest.csproj", "{D312A083-AAEA-41F7-BC3E-C8B25C788480}"
EndProject
Project("{2150E333-8FDC-42A3-9474-1A3956D46DE8}") = "lib", "lib", "{4D21FF9E-4301-42BB-B836-9D010D064035}"
	ProjectSection(SolutionItems) = preProject
		lib\BR.AN.PviServices.dll = lib\BR.AN.PviServices.dll
	EndProjectSection
EndProject
Project("{FAE04EC0-301F-11D3-BF4B-00C04F79EFBC}") = "ControlWorks.Services.Configuration", "ControlWorks.Services.Configuration\ControlWorks.Services.Configuration.csproj", "{3E96958C-602B-4B53-BE2F-686DA81F852E}"
EndProject
Project("{FAE04EC0-301F-11D3-BF4B-00C04F79EFBC}") = "ControlWorks.Logging", "ControlWorks.Logging\ControlWorks.Logging.csproj", "{69FE20E8-DA32-45C7-ACD5-7EB2FAC57245}"
EndProject
Project("{FAE04EC0-301F-11D3-BF4B-00C04F79EFBC}") = "ControlWorks.Services.Pvi", "ControlWorks.Services.Pvi\ControlWorks.Services.Pvi.csproj", "{BE7AFD30-1D56-4BAA-8BEF-7F4DE8741796}"
EndProject
Project("{FAE04EC0-301F-11D3-BF4B-00C04F79EFBC}") = "ControlWorks.Services.Data", "ControlWorks.Services.Data\ControlWorks.Services.Data.csproj", "{E67C23D9-3EF7-4723-9C0F-9A3C5B70D0A2}"
EndProject
Project("{FAE04EC0-301F-11D3-BF4B-00C04F79EFBC}") = "TestHarness", "TestHarness\TestHarness.csproj", "{4D284B58-A87F-49D0-BE47-210120779AF2}"
EndProject
Project("{FAE04EC0-301F-11D3-BF4B-00C04F79EFBC}") = "ControlWorks.Services.Business", "ControlWorks.Services.Business\ControlWorks.Services.Business.csproj", "{122D2116-98B5-4F49-A0CC-0E97F451E52B}"
EndProject
Project("{2150E333-8FDC-42A3-9474-1A3956D46DE8}") = "Documentation", "Documentation", "{C742D334-BED4-4144-AFFD-96676CC1B679}"
	ProjectSection(SolutionItems) = preProject
		Documentation\Service Architecture.docx = Documentation\Service Architecture.docx
	EndProjectSection
EndProject
Project("{FAE04EC0-301F-11D3-BF4B-00C04F79EFBC}") = "ControlWorks.Services.Sql", "ControlWorks.Services.Sql\ControlWorks.Services.Sql.csproj", "{D3E5B385-46CD-42DB-8964-46DDD88F338B}"
EndProject
Global
	GlobalSection(SolutionConfigurationPlatforms) = preSolution
		Debug|Any CPU = Debug|Any CPU
		Release|Any CPU = Release|Any CPU
	EndGlobalSection
	GlobalSection(ProjectConfigurationPlatforms) = postSolution
		{3CB7DE6B-7907-4A2C-AE4B-27EFD3389B05}.Debug|Any CPU.ActiveCfg = Debug|Any CPU
		{3CB7DE6B-7907-4A2C-AE4B-27EFD3389B05}.Debug|Any CPU.Build.0 = Debug|Any CPU
		{3CB7DE6B-7907-4A2C-AE4B-27EFD3389B05}.Release|Any CPU.ActiveCfg = Release|Any CPU
		{3CB7DE6B-7907-4A2C-AE4B-27EFD3389B05}.Release|Any CPU.Build.0 = Release|Any CPU
		{D312A083-AAEA-41F7-BC3E-C8B25C788480}.Debug|Any CPU.ActiveCfg = Debug|Any CPU
		{D312A083-AAEA-41F7-BC3E-C8B25C788480}.Debug|Any CPU.Build.0 = Debug|Any CPU
		{D312A083-AAEA-41F7-BC3E-C8B25C788480}.Release|Any CPU.ActiveCfg = Release|Any CPU
		{D312A083-AAEA-41F7-BC3E-C8B25C788480}.Release|Any CPU.Build.0 = Release|Any CPU
		{3E96958C-602B-4B53-BE2F-686DA81F852E}.Debug|Any CPU.ActiveCfg = Debug|Any CPU
		{3E96958C-602B-4B53-BE2F-686DA81F852E}.Debug|Any CPU.Build.0 = Debug|Any CPU
		{3E96958C-602B-4B53-BE2F-686DA81F852E}.Release|Any CPU.ActiveCfg = Release|Any CPU
		{3E96958C-602B-4B53-BE2F-686DA81F852E}.Release|Any CPU.Build.0 = Release|Any CPU
		{69FE20E8-DA32-45C7-ACD5-7EB2FAC57245}.Debug|Any CPU.ActiveCfg = Debug|Any CPU
		{69FE20E8-DA32-45C7-ACD5-7EB2FAC57245}.Debug|Any CPU.Build.0 = Debug|Any CPU
		{69FE20E8-DA32-45C7-ACD5-7EB2FAC57245}.Release|Any CPU.ActiveCfg = Release|Any CPU
		{69FE20E8-DA32-45C7-ACD5-7EB2FAC57245}.Release|Any CPU.Build.0 = Release|Any CPU
		{BE7AFD30-1D56-4BAA-8BEF-7F4DE8741796}.Debug|Any CPU.ActiveCfg = Debug|Any CPU
		{BE7AFD30-1D56-4BAA-8BEF-7F4DE8741796}.Debug|Any CPU.Build.0 = Debug|Any CPU
		{BE7AFD30-1D56-4BAA-8BEF-7F4DE8741796}.Release|Any CPU.ActiveCfg = Release|Any CPU
		{BE7AFD30-1D56-4BAA-8BEF-7F4DE8741796}.Release|Any CPU.Build.0 = Release|Any CPU
		{E67C23D9-3EF7-4723-9C0F-9A3C5B70D0A2}.Debug|Any CPU.ActiveCfg = Debug|Any CPU
		{E67C23D9-3EF7-4723-9C0F-9A3C5B70D0A2}.Debug|Any CPU.Build.0 = Debug|Any CPU
		{E67C23D9-3EF7-4723-9C0F-9A3C5B70D0A2}.Release|Any CPU.ActiveCfg = Release|Any CPU
		{E67C23D9-3EF7-4723-9C0F-9A3C5B70D0A2}.Release|Any CPU.Build.0 = Release|Any CPU
		{4D284B58-A87F-49D0-BE47-210120779AF2}.Debug|Any CPU.ActiveCfg = Debug|Any CPU
		{4D284B58-A87F-49D0-BE47-210120779AF2}.Debug|Any CPU.Build.0 = Debug|Any CPU
		{4D284B58-A87F-49D0-BE47-210120779AF2}.Release|Any CPU.ActiveCfg = Release|Any CPU
		{4D284B58-A87F-49D0-BE47-210120779AF2}.Release|Any CPU.Build.0 = Release|Any CPU
		{122D2116-98B5-4F49-A0CC-0E97F451E52B}.Debug|Any CPU.ActiveCfg = Debug|Any CPU
		{122D2116-98B5-4F49-A0CC-0E97F451E52B}.Debug|Any CPU.Build.0 = Debug|Any CPU
		{122D2116-98B5-4F49-A0CC-0E97F451E52B}.Release|Any CPU.ActiveCfg = Release|Any CPU
		{122D2116-98B5-4F49-A0CC-0E97F451E52B}.Release|Any CPU.Build.0 = Release|Any CPU
		{D3E5B385-46CD-42DB-8964-46DDD88F338B}.Debug|Any CPU.ActiveCfg = Debug|Any CPU
		{D3E5B385-46CD-42DB-8964-46DDD88F338B}.Debug|Any CPU.Build.0 = Debug|Any CPU
		{D3E5B385-46CD-42DB-8964-46DDD88F338B}.Release|Any CPU.ActiveCfg = Release|Any CPU
		{D3E5B385-46CD-42DB-8964-46DDD88F338B}.Release|Any CPU.Build.0 = Release|Any CPU
	EndGlobalSection
	GlobalSection(SolutionProperties) = preSolution
		HideSolutionNode = FALSE
	EndGlobalSection
EndGlobal
